
Microsoft Visual Studio Solution File, Format Version 12.00
Project("{FAE04EC0-301F-11D3-BF4B-00C04F79EFBC}") = "Test", "Test\Test.csproj", "{20A54D96-6ABC-4352-AB28-54A1E8E6540F}"
EndProject
Global
	GlobalSection(SolutionConfigurationPlatforms) = preSolution
		Debug|Any CPU = Debug|Any CPU
		Release|Any CPU = Release|Any CPU
	EndGlobalSection
	GlobalSection(ProjectConfigurationPlatforms) = postSolution
		{20A54D96-6ABC-4352-AB28-54A1E8E6540F}.Debug|Any CPU.ActiveCfg = Debug|Any CPU
		{20A54D96-6ABC-4352-AB28-54A1E8E6540F}.Debug|Any CPU.Build.0 = Debug|Any CPU
		{20A54D96-6ABC-4352-AB28-54A1E8E6540F}.Release|Any CPU.ActiveCfg = Release|Any CPU
		{20A54D96-6ABC-4352-AB28-54A1E8E6540F}.Release|Any CPU.Build.0 = Release|Any CPU
	EndGlobalSection
EndGlobal
